
Microsoft Visual Studio Solution File, Format Version 12.00
# Visual Studio Version 16
VisualStudioVersion = 16.0.29409.12
MinimumVisualStudioVersion = 10.0.40219.1
Project("{FAE04EC0-301F-11D3-BF4B-00C04F79EFBC}") = "ExamenAPI", "ExamenAPI\ExamenAPI.csproj", "{F7019B09-4B17-4B36-AEA9-A70B446D595C}"
EndProject
Global
	GlobalSection(SolutionConfigurationPlatforms) = preSolution
		Debug|Any CPU = Debug|Any CPU
		Release|Any CPU = Release|Any CPU
	EndGlobalSection
	GlobalSection(ProjectConfigurationPlatforms) = postSolution
		{F7019B09-4B17-4B36-AEA9-A70B446D595C}.Debug|Any CPU.ActiveCfg = Debug|Any CPU
		{F7019B09-4B17-4B36-AEA9-A70B446D595C}.Debug|Any CPU.Build.0 = Debug|Any CPU
		{F7019B09-4B17-4B36-AEA9-A70B446D595C}.Release|Any CPU.ActiveCfg = Release|Any CPU
		{F7019B09-4B17-4B36-AEA9-A70B446D595C}.Release|Any CPU.Build.0 = Release|Any CPU
	EndGlobalSection
	GlobalSection(SolutionProperties) = preSolution
		HideSolutionNode = FALSE
	EndGlobalSection
	GlobalSection(ExtensibilityGlobals) = postSolution
		SolutionGuid = {836C55F8-E09E-4BCF-8E34-636C3874030D}
	EndGlobalSection
EndGlobal
